github.com/achillesss/but4print v0.0.0-20180226021820-f9ee273443ca/go.mod h1:wa3S3M1SH9jOZPQO2B9209jBxH9wdt2LX2wzD3gfBsg=
github.com/achillesss/go-utils v0.0.0-20200916162829-d1708a566e83 h1:AAJFlHXzJxP4Vt6gphDnyrwZJPWBKNx8Pqj9LVef34k=
github.com/achillesss/go-utils v0.0.0-20200916162829-d1708a566e83/go.mod h1:yBAnGMTeA1vR0+MWPC63L/1ERooJrOmYDY50aSNq46s=
github.com/achillesss/log v0.0.0-20180412132806-c6c58b292b19/go.mod h1:b337yCOOgXs7DeqIscnnWoNyRiG/GjJIcrbKsnvTsEw=
github.com/go-sql-driver/mysql v1.5.0 h1:ozyZYNQW3x3HtqT1jira07DN2PArx2v7/mN66gGcHOs=
github.com/go-sql-driver/mysql v1.5.0/go.mod h1:DCzpHaOWr8IXmIStZouvnhqoel9Qv2LBy8hT2VhHyBg=
github.com/google/uuid v1.1.1 h1:Gkbcsh/GbpXz7lPftLA3P6TYMwjCLYm83jiFQZF/3gY=
github.com/google/uuid v1.1.1/go.mod h1:TIyPZe4MgqvfeYDBFedMoGGpEw/LqOeaOT+nhxU+yHo=
