github.com/go-sql-driver/mysql v1.5.0 h1:ozyZYNQW3x3HtqT1jira07DN2PArx2v7/mN66gGcHOs=
github.com/go-sql-driver/mysql v1.5.0/go.mod h1:DCzpHaOWr8IXmIStZouvnhqoel9Qv2LBy8hT2VhHyBg=
github.com/google/uuid v1.1.1 h1:Gkbcsh/GbpXz7lPftLA3P6TYMwjCLYm83jiFQZF/3gY=
github.com/google/uuid v1.1.1/go.mod h1:TIyPZe4MgqvfeYDBFedMoGGpEw/LqOeaOT+nhxU+yHo=
github.com/wizhodl/go-utils v0.0.0-20200710094915-5dfda38762ce h1:ArF4Yks0Fgti9r6pifnFKgwyCV+hrO/ddhkBJYTQiXk=
github.com/wizhodl/go-utils v0.0.0-20200710094915-5dfda38762ce/go.mod h1:cDcDsytATzZmoN1QElsKyCQjJk96EHENl1GMID3PRA0=
github.com/wizhodl/go-utils v0.0.0-20200713023630-f7b75f3b73ac h1:QLl2aNFUMnIdv/3ZRdizhT2CKmAQteTU+fzx/iPPCb8=
github.com/wizhodl/go-utils v0.0.0-20200713023630-f7b75f3b73ac/go.mod h1:IibEJmy8IuGSprfb5htoug7CbBE5rCEoZl5fFZPXLMY=
github.com/wizhodl/go-utils v0.0.0-20200713025658-6850bb6fb96f h1:6gW51p2mItc8LOPG2g8xWHrTE8gUVaqkmdrgCWAfwv4=
github.com/wizhodl/go-utils v0.0.0-20200713025658-6850bb6fb96f/go.mod h1:IibEJmy8IuGSprfb5htoug7CbBE5rCEoZl5fFZPXLMY=
github.com/wizhodl/go-utils v0.0.0-20200713030112-4d659a0b6cd3 h1:dSZd+5jWkGlSWqB/jq77T8z5f5Qce2koUWLj1/PiT+Y=
github.com/wizhodl/go-utils v0.0.0-20200713030112-4d659a0b6cd3/go.mod h1:IibEJmy8IuGSprfb5htoug7CbBE5rCEoZl5fFZPXLMY=
github.com/wizhodl/go-utils v0.0.0-20200713034331-64aab5320937 h1:ENOYJd+K0UCU7/uHf9LV0LC04EA9/ApsGD+f3KB6Zas=
github.com/wizhodl/go-utils v0.0.0-20200713034331-64aab5320937/go.mod h1:IibEJmy8IuGSprfb5htoug7CbBE5rCEoZl5fFZPXLMY=
github.com/wizhodl/go-utils v0.0.0-20200713072721-518e012631c7 h1:taZmFP9EIKk04QEfGC3orNjEXPUdfn3Fa8iMyjT2HHE=
github.com/wizhodl/go-utils v0.0.0-20200713072721-518e012631c7/go.mod h1:IibEJmy8IuGSprfb5htoug7CbBE5rCEoZl5fFZPXLMY=
github.com/wizhodl/go-utils v0.0.0-20200713073913-50036dfe3d25 h1:sXz+xnkYjil3VOD+z5O2rc8g+/yW8A/ROtJEPDcG35k=
github.com/wizhodl/go-utils v0.0.0-20200713073913-50036dfe3d25/go.mod h1:IibEJmy8IuGSprfb5htoug7CbBE5rCEoZl5fFZPXLMY=
github.com/wizhodl/go-utils v0.0.0-20200713080956-d6c7375e25bf h1:tZAgH4QG/UEt/QRBvUYVZ7/pR6ielk5MFLLpimy2gLM=
github.com/wizhodl/go-utils v0.0.0-20200713080956-d6c7375e25bf/go.mod h1:IibEJmy8IuGSprfb5htoug7CbBE5rCEoZl5fFZPXLMY=
github.com/wizhodl/go-utils v0.0.0-20200713085953-0a16b93d9f6a h1:NK0xBOeB/i7JRHlfToMgdDM3T/gM1IcAKtLvHt50Heg=
github.com/wizhodl/go-utils v0.0.0-20200713085953-0a16b93d9f6a/go.mod h1:IibEJmy8IuGSprfb5htoug7CbBE5rCEoZl5fFZPXLMY=
